// !$*UTF8*$!
{
	archiveVersion = 1;
	classes = {
	};
	objectVersion = 56;
	objects = {

/* Begin PBXBuildFile section */
		317668D42AD69D080087FA1B /* AppDelegate.swift in Sources */ = {isa = PBXBuildFile; fileRef = 317668D32AD69D080087FA1B /* AppDelegate.swift */; };
		317668D62AD69D080087FA1B /* SceneDelegate.swift in Sources */ = {isa = PBXBuildFile; fileRef = 317668D52AD69D080087FA1B /* SceneDelegate.swift */; };
		317668D82AD69D080087FA1B /* ViewController.swift in Sources */ = {isa = PBXBuildFile; fileRef = 317668D72AD69D080087FA1B /* ViewController.swift */; };
		317668DB2AD69D080087FA1B /* Main.storyboard in Resources */ = {isa = PBXBuildFile; fileRef = 317668D92AD69D080087FA1B /* Main.storyboard */; };
		317668DD2AD69D090087FA1B /* Assets.xcassets in Resources */ = {isa = PBXBuildFile; fileRef = 317668DC2AD69D090087FA1B /* Assets.xcassets */; };
		317668E02AD69D090087FA1B /* LaunchScreen.storyboard in Resources */ = {isa = PBXBuildFile; fileRef = 317668DE2AD69D090087FA1B /* LaunchScreen.storyboard */; };
		317668EB2AD69D0A0087FA1B /* WeatherTests.swift in Sources */ = {isa = PBXBuildFile; fileRef = 317668EA2AD69D0A0087FA1B /* WeatherTests.swift */; };
		317668F52AD69D0A0087FA1B /* WeatherUITests.swift in Sources */ = {isa = PBXBuildFile; fileRef = 317668F42AD69D0A0087FA1B /* WeatherUITests.swift */; };
		317668F72AD69D0A0087FA1B /* WeatherUITestsLaunchTests.swift in Sources */ = {isa = PBXBuildFile; fileRef = 317668F62AD69D0A0087FA1B /* WeatherUITestsLaunchTests.swift */; };
/* End PBXBuildFile section */

/* Begin PBXContainerItemProxy section */
		317668E72AD69D0A0087FA1B /* PBXContainerItemProxy */ = {
			isa = PBXContainerItemProxy;
			containerPortal = 317668C82AD69D080087FA1B /* Project object */;
			proxyType = 1;
			remoteGlobalIDString = 317668CF2AD69D080087FA1B;
			remoteInfo = Weather;
		};
		317668F12AD69D0A0087FA1B /* PBXContainerItemProxy */ = {
			isa = PBXContainerItemProxy;
			containerPortal = 317668C82AD69D080087FA1B /* Project object */;
			proxyType = 1;
			remoteGlobalIDString = 317668CF2AD69D080087FA1B;
			remoteInfo = Weather;
		};
/* End PBXContainerItemProxy section */

/* Begin PBXFileReference section */
		317668D02AD69D080087FA1B /* Weather.app */ = {isa = PBXFileReference; explicitFileType = wrapper.application; includeInIndex = 0; path = Weather.app; sourceTree = BUILT_PRODUCTS_DIR; };
		317668D32AD69D080087FA1B /* AppDelegate.swift */ = {isa = PBXFileReference; lastKnownFileType = sourcecode.swift; path = AppDelegate.swift; sourceTree = "<group>"; };
		317668D52AD69D080087FA1B /* SceneDelegate.swift */ = {isa = PBXFileReference; lastKnownFileType = sourcecode.swift; path = SceneDelegate.swift; sourceTree = "<group>"; };
		317668D72AD69D080087FA1B /* ViewController.swift */ = {isa = PBXFileReference; lastKnownFileType = sourcecode.swift; path = ViewController.swift; sourceTree = "<group>"; };
		317668DA2AD69D080087FA1B /* Base */ = {isa = PBXFileReference; lastKnownFileType = file.storyboard; name = Base; path = Base.lproj/Main.storyboard; sourceTree = "<group>"; };
		317668DC2AD69D090087FA1B /* Assets.xcassets */ = {isa = PBXFileReference; lastKnownFileType = folder.assetcatalog; path = Assets.xcassets; sourceTree = "<group>"; };
		317668DF2AD69D090087FA1B /* Base */ = {isa = PBXFileReference; lastKnownFileType = file.storyboard; name = Base; path = Base.lproj/LaunchScreen.storyboard; sourceTree = "<group>"; };
		317668E12AD69D090087FA1B /* Info.plist */ = {isa = PBXFileReference; lastKnownFileType = text.plist.xml; path = Info.plist; sourceTree = "<group>"; };
		317668E62AD69D0A0087FA1B /* WeatherTests.xctest */ = {isa = PBXFileReference; explicitFileType = wrapper.cfbundle; includeInIndex = 0; path = WeatherTests.xctest; sourceTree = BUILT_PRODUCTS_DIR; };
		317668EA2AD69D0A0087FA1B /* WeatherTests.swift */ = {isa = PBXFileReference; lastKnownFileType = sourcecode.swift; path = WeatherTests.swift; sourceTree = "<group>"; };
		317668F02AD69D0A0087FA1B /* WeatherUITests.xctest */ = {isa = PBXFileReference; explicitFileType = wrapper.cfbundle; includeInIndex = 0; path = WeatherUITests.xctest; sourceTree = BUILT_PRODUCTS_DIR; };
		317668F42AD69D0A0087FA1B /* WeatherUITests.swift */ = {isa = PBXFileReference; lastKnownFileType = sourcecode.swift; path = WeatherUITests.swift; sourceTree = "<group>"; };
		317668F62AD69D0A0087FA1B /* WeatherUITestsLaunchTests.swift */ = {isa = PBXFileReference; lastKnownFileType = sourcecode.swift; path = WeatherUITestsLaunchTests.swift; sourceTree = "<group>"; };
/* End PBXFileReference section */

/* Begin PBXFrameworksBuildPhase section */
		317668CD2AD69D080087FA1B /* Frameworks */ = {
			isa = PBXFrameworksBuildPhase;
			buildActionMask = 2147483647;
			files = (
			);
			runOnlyForDeploymentPostprocessing = 0;
		};
		317668E32AD69D0A0087FA1B /* Frameworks */ = {
			isa = PBXFrameworksBuildPhase;
			buildActionMask = 2147483647;
			files = (
			);
			runOnlyForDeploymentPostprocessing = 0;
		};
		317668ED2AD69D0A0087FA1B /* Frameworks */ = {
			isa = PBXFrameworksBuildPhase;
			buildActionMask = 2147483647;
			files = (
			);
			runOnlyForDeploymentPostprocessing = 0;
		};
/* End PBXFrameworksBuildPhase section */

/* Begin PBXGroup section */
		317668C72AD69D080087FA1B = {
			isa = PBXGroup;
			children = (
				317668D22AD69D080087FA1B /* Weather */,
				317668E92AD69D0A0087FA1B /* WeatherTests */,
				317668F32AD69D0A0087FA1B /* WeatherUITests */,
				317668D12AD69D080087FA1B /* Products */,
			);
			sourceTree = "<group>";
		};
		317668D12AD69D080087FA1B /* Products */ = {
			isa = PBXGroup;
			children = (
				317668D02AD69D080087FA1B /* Weather.app */,
				317668E62AD69D0A0087FA1B /* WeatherTests.xctest */,
				317668F02AD69D0A0087FA1B /* WeatherUITests.xctest */,
			);
			name = Products;
			sourceTree = "<group>";
		};
		317668D22AD69D080087FA1B /* Weather */ = {
			isa = PBXGroup;
			children = (
				317668D32AD69D080087FA1B /* AppDelegate.swift */,
				317668D52AD69D080087FA1B /* SceneDelegate.swift */,
				317668D72AD69D080087FA1B /* ViewController.swift */,
				317668D92AD69D080087FA1B /* Main.storyboard */,
				317668DC2AD69D090087FA1B /* Assets.xcassets */,
				317668DE2AD69D090087FA1B /* LaunchScreen.storyboard */,
				317668E12AD69D090087FA1B /* Info.plist */,
			);
			path = Weather;
			sourceTree = "<group>";
		};
		317668E92AD69D0A0087FA1B /* WeatherTests */ = {
			isa = PBXGroup;
			children = (
				317668EA2AD69D0A0087FA1B /* WeatherTests.swift */,
			);
			path = WeatherTests;
			sourceTree = "<group>";
		};
		317668F32AD69D0A0087FA1B /* WeatherUITests */ = {
			isa = PBXGroup;
			children = (
				317668F42AD69D0A0087FA1B /* WeatherUITests.swift */,
				317668F62AD69D0A0087FA1B /* WeatherUITestsLaunchTests.swift */,
			);
			path = WeatherUITests;
			sourceTree = "<group>";
		};
/* End PBXGroup section */

/* Begin PBXNativeTarget section */
		317668CF2AD69D080087FA1B /* Weather */ = {
			isa = PBXNativeTarget;
			buildConfigurationList = 317668FA2AD69D0A0087FA1B /* Build configuration list for PBXNativeTarget "Weather" */;
			buildPhases = (
				317668CC2AD69D080087FA1B /* Sources */,
				317668CD2AD69D080087FA1B /* Frameworks */,
				317668CE2AD69D080087FA1B /* Resources */,
			);
			buildRules = (
			);
			dependencies = (
			);
			name = Weather;
			productName = Weather;
			productReference = 317668D02AD69D080087FA1B /* Weather.app */;
			productType = "com.apple.product-type.application";
		};
		317668E52AD69D0A0087FA1B /* WeatherTests */ = {
			isa = PBXNativeTarget;
			buildConfigurationList = 317668FD2AD69D0A0087FA1B /* Build configuration list for PBXNativeTarget "WeatherTests" */;
			buildPhases = (
				317668E22AD69D0A0087FA1B /* Sources */,
				317668E32AD69D0A0087FA1B /* Frameworks */,
				317668E42AD69D0A0087FA1B /* Resources */,
			);
			buildRules = (
			);
			dependencies = (
				317668E82AD69D0A0087FA1B /* PBXTargetDependency */,
			);
			name = WeatherTests;
			productName = WeatherTests;
			productReference = 317668E62AD69D0A0087FA1B /* WeatherTests.xctest */;
			productType = "com.apple.product-type.bundle.unit-test";
		};
		317668EF2AD69D0A0087FA1B /* WeatherUITests */ = {
			isa = PBXNativeTarget;
			buildConfigurationList = 317669002AD69D0A0087FA1B /* Build configuration list for PBXNativeTarget "WeatherUITests" */;
			buildPhases = (
				317668EC2AD69D0A0087FA1B /* Sources */,
				317668ED2AD69D0A0087FA1B /* Frameworks */,
				317668EE2AD69D0A0087FA1B /* Resources */,
			);
			buildRules = (
			);
			dependencies = (
				317668F22AD69D0A0087FA1B /* PBXTargetDependency */,
			);
			name = WeatherUITests;
			productName = WeatherUITests;
			productReference = 317668F02AD69D0A0087FA1B /* WeatherUITests.xctest */;
			productType = "com.apple.product-type.bundle.ui-testing";
		};
/* End PBXNativeTarget section */

/* Begin PBXProject section */
		317668C82AD69D080087FA1B /* Project object */ = {
			isa = PBXProject;
			attributes = {
				BuildIndependentTargetsInParallel = 1;
				LastSwiftUpdateCheck = 1500;
				LastUpgradeCheck = 1500;
				TargetAttributes = {
					317668CF2AD69D080087FA1B = {
						CreatedOnToolsVersion = 15.0;
					};
					317668E52AD69D0A0087FA1B = {
						CreatedOnToolsVersion = 15.0;
						TestTargetID = 317668CF2AD69D080087FA1B;
					};
					317668EF2AD69D0A0087FA1B = {
						CreatedOnToolsVersion = 15.0;
						TestTargetID = 317668CF2AD69D080087FA1B;
					};
				};
			};
			buildConfigurationList = 317668CB2AD69D080087FA1B /* Build configuration list for PBXProject "Weather" */;
			compatibilityVersion = "Xcode 14.0";
			developmentRegion = en;
			hasScannedForEncodings = 0;
			knownRegions = (
				en,
				Base,
			);
			mainGroup = 317668C72AD69D080087FA1B;
			productRefGroup = 317668D12AD69D080087FA1B /* Products */;
			projectDirPath = "";
			projectRoot = "";
			targets = (
				317668CF2AD69D080087FA1B /* Weather */,
				317668E52AD69D0A0087FA1B /* WeatherTests */,
				317668EF2AD69D0A0087FA1B /* WeatherUITests */,
			);
		};
/* End PBXProject section */

/* Begin PBXResourcesBuildPhase section */
		317668CE2AD69D080087FA1B /* Resources */ = {
			isa = PBXResourcesBuildPhase;
			buildActionMask = 2147483647;
			files = (
				317668E02AD69D090087FA1B /* LaunchScreen.storyboard in Resources */,
				317668DD2AD69D090087FA1B /* Assets.xcassets in Resources */,
				317668DB2AD69D080087FA1B /* Main.storyboard in Resources */,
			);
			runOnlyForDeploymentPostprocessing = 0;
		};
		317668E42AD69D0A0087FA1B /* Resources */ = {
			isa = PBXResourcesBuildPhase;
			buildActionMask = 2147483647;
			files = (
			);
			runOnlyForDeploymentPostprocessing = 0;
		};
		317668EE2AD69D0A0087FA1B /* Resources */ = {
			isa = PBXResourcesBuildPhase;
			buildActionMask = 2147483647;
			files = (
			);
			runOnlyForDeploymentPostprocessing = 0;
		};
/* End PBXResourcesBuildPhase section */

/* Begin PBXSourcesBuildPhase section */
		317668CC2AD69D080087FA1B /* Sources */ = {
			isa = PBXSourcesBuildPhase;
			buildActionMask = 2147483647;
			files = (
				317668D82AD69D080087FA1B /* ViewController.swift in Sources */,
				317668D42AD69D080087FA1B /* AppDelegate.swift in Sources */,
				317668D62AD69D080087FA1B /* SceneDelegate.swift in Sources */,
			);
			runOnlyForDeploymentPostprocessing = 0;
		};
		317668E22AD69D0A0087FA1B /* Sources */ = {
			isa = PBXSourcesBuildPhase;
			buildActionMask = 2147483647;
			files = (
				317668EB2AD69D0A0087FA1B /* WeatherTests.swift in Sources */,
			);
			runOnlyForDeploymentPostprocessing = 0;
		};
		317668EC2AD69D0A0087FA1B /* Sources */ = {
			isa = PBXSourcesBuildPhase;
			buildActionMask = 2147483647;
			files = (
				317668F52AD69D0A0087FA1B /* WeatherUITests.swift in Sources */,
				317668F72AD69D0A0087FA1B /* WeatherUITestsLaunchTests.swift in Sources */,
			);
			runOnlyForDeploymentPostprocessing = 0;
		};
/* End PBXSourcesBuildPhase section */

/* Begin PBXTargetDependency section */
		317668E82AD69D0A0087FA1B /* PBXTargetDependency */ = {
			isa = PBXTargetDependency;
			target = 317668CF2AD69D080087FA1B /* Weather */;
			targetProxy = 317668E72AD69D0A0087FA1B /* PBXContainerItemProxy */;
		};
		317668F22AD69D0A0087FA1B /* PBXTargetDependency */ = {
			isa = PBXTargetDependency;
			target = 317668CF2AD69D080087FA1B /* Weather */;
			targetProxy = 317668F12AD69D0A0087FA1B /* PBXContainerItemProxy */;
		};
/* End PBXTargetDependency section */

/* Begin PBXVariantGroup section */
		317668D92AD69D080087FA1B /* Main.storyboard */ = {
			isa = PBXVariantGroup;
			children = (
				317668DA2AD69D080087FA1B /* Base */,
			);
			name = Main.storyboard;
			sourceTree = "<group>";
		};
		317668DE2AD69D090087FA1B /* LaunchScreen.storyboard */ = {
			isa = PBXVariantGroup;
			children = (
				317668DF2AD69D090087FA1B /* Base */,
			);
			name = LaunchScreen.storyboard;
			sourceTree = "<group>";
		};
/* End PBXVariantGroup section */

/* Begin XCBuildConfiguration section */
		317668F82AD69D0A0087FA1B /* Debug */ = {
			isa = XCBuildConfiguration;
			buildSettings = {
				ALWAYS_SEARCH_USER_PATHS = NO;
				ASSETCATALOG_COMPILER_GENERATE_SWIFT_ASSET_SYMBOL_EXTENSIONS = YES;
				CLANG_ANALYZER_NONNULL = YES;
				CLANG_ANALYZER_NUMBER_OBJECT_CONVERSION = YES_AGGRESSIVE;
				CLANG_CXX_LANGUAGE_STANDARD = "gnu++20";
				CLANG_ENABLE_MODULES = YES;
				CLANG_ENABLE_OBJC_ARC = YES;
				CLANG_ENABLE_OBJC_WEAK = YES;
				CLANG_WARN_BLOCK_CAPTURE_AUTORELEASING = YES;
				CLANG_WARN_BOOL_CONVERSION = YES;
				CLANG_WARN_COMMA = YES;
				CLANG_WARN_CONSTANT_CONVERSION = YES;
				CLANG_WARN_DEPRECATED_OBJC_IMPLEMENTATIONS = YES;
				CLANG_WARN_DIRECT_OBJC_ISA_USAGE = YES_ERROR;
				CLANG_WARN_DOCUMENTATION_COMMENTS = YES;
				CLANG_WARN_EMPTY_BODY = YES;
				CLANG_WARN_ENUM_CONVERSION = YES;
				CLANG_WARN_INFINITE_RECURSION = YES;
				CLANG_WARN_INT_CONVERSION = YES;
				CLANG_WARN_NON_LITERAL_NULL_CONVERSION = YES;
				CLANG_WARN_OBJC_IMPLICIT_RETAIN_SELF = YES;
				CLANG_WARN_OBJC_LITERAL_CONVERSION = YES;
				CLANG_WARN_OBJC_ROOT_CLASS = YES_ERROR;
				CLANG_WARN_QUOTED_INCLUDE_IN_FRAMEWORK_HEADER = YES;
				CLANG_WARN_RANGE_LOOP_ANALYSIS = YES;
				CLANG_WARN_STRICT_PROTOTYPES = YES;
				CLANG_WARN_SUSPICIOUS_MOVE = YES;
				CLANG_WARN_UNGUARDED_AVAILABILITY = YES_AGGRESSIVE;
				CLANG_WARN_UNREACHABLE_CODE = YES;
				CLANG_WARN__DUPLICATE_METHOD_MATCH = YES;
				COPY_PHASE_STRIP = NO;
				DEBUG_INFORMATION_FORMAT = dwarf;
				ENABLE_STRICT_OBJC_MSGSEND = YES;
				ENABLE_TESTABILITY = YES;
				ENABLE_USER_SCRIPT_SANDBOXING = YES;
				GCC_C_LANGUAGE_STANDARD = gnu17;
				GCC_DYNAMIC_NO_PIC = NO;
				GCC_NO_COMMON_BLOCKS = YES;
				GCC_OPTIMIZATION_LEVEL = 0;
				GCC_PREPROCESSOR_DEFINITIONS = (
					"DEBUG=1",
					"$(inherited)",
				);
				GCC_WARN_64_TO_32_BIT_CONVERSION = YES;
				GCC_WARN_ABOUT_RETURN_TYPE = YES_ERROR;
				GCC_WARN_UNDECLARED_SELECTOR = YES;
				GCC_WARN_UNINITIALIZED_AUTOS = YES_AGGRESSIVE;
				GCC_WARN_UNUSED_FUNCTION = YES;
				GCC_WARN_UNUSED_VARIABLE = YES;
				IPHONEOS_DEPLOYMENT_TARGET = 17.0;
				LOCALIZATION_PREFERS_STRING_CATALOGS = YES;
				MTL_ENABLE_DEBUG_INFO = INCLUDE_SOURCE;
				MTL_FAST_MATH = YES;
				ONLY_ACTIVE_ARCH = YES;
				SDKROOT = iphoneos;
				SWIFT_ACTIVE_COMPILATION_CONDITIONS = "DEBUG $(inherited)";
				SWIFT_OPTIMIZATION_LEVEL = "-Onone";
			};
			name = Debug;
		};
		317668F92AD69D0A0087FA1B /* Release */ = {
			isa = XCBuildConfiguration;
			buildSettings = {
				ALWAYS_SEARCH_USER_PATHS = NO;
				ASSETCATALOG_COMPILER_GENERATE_SWIFT_ASSET_SYMBOL_EXTENSIONS = YES;
				CLANG_ANALYZER_NONNULL = YES;
				CLANG_ANALYZER_NUMBER_OBJECT_CONVERSION = YES_AGGRESSIVE;
				CLANG_CXX_LANGUAGE_STANDARD = "gnu++20";
				CLANG_ENABLE_MODULES = YES;
				CLANG_ENABLE_OBJC_ARC = YES;
				CLANG_ENABLE_OBJC_WEAK = YES;
				CLANG_WARN_BLOCK_CAPTURE_AUTORELEASING = YES;
				CLANG_WARN_BOOL_CONVERSION = YES;
				CLANG_WARN_COMMA = YES;
				CLANG_WARN_CONSTANT_CONVERSION = YES;
				CLANG_WARN_DEPRECATED_OBJC_IMPLEMENTATIONS = YES;
				CLANG_WARN_DIRECT_OBJC_ISA_USAGE = YES_ERROR;
				CLANG_WARN_DOCUMENTATION_COMMENTS = YES;
				CLANG_WARN_EMPTY_BODY = YES;
				CLANG_WARN_ENUM_CONVERSION = YES;
				CLANG_WARN_INFINITE_RECURSION = YES;
				CLANG_WARN_INT_CONVERSION = YES;
				CLANG_WARN_NON_LITERAL_NULL_CONVERSION = YES;
				CLANG_WARN_OBJC_IMPLICIT_RETAIN_SELF = YES;
				CLANG_WARN_OBJC_LITERAL_CONVERSION = YES;
				CLANG_WARN_OBJC_ROOT_CLASS = YES_ERROR;
				CLANG_WARN_QUOTED_INCLUDE_IN_FRAMEWORK_HEADER = YES;
				CLANG_WARN_RANGE_LOOP_ANALYSIS = YES;
				CLANG_WARN_STRICT_PROTOTYPES = YES;
				CLANG_WARN_SUSPICIOUS_MOVE = YES;
				CLANG_WARN_UNGUARDED_AVAILABILITY = YES_AGGRESSIVE;
				CLANG_WARN_UNREACHABLE_CODE = YES;
				CLANG_WARN__DUPLICATE_METHOD_MATCH = YES;
				COPY_PHASE_STRIP = NO;
				DEBUG_INFORMATION_FORMAT = "dwarf-with-dsym";
				ENABLE_NS_ASSERTIONS = NO;
				ENABLE_STRICT_OBJC_MSGSEND = YES;
				ENABLE_USER_SCRIPT_SANDBOXING = YES;
				GCC_C_LANGUAGE_STANDARD = gnu17;
				GCC_NO_COMMON_BLOCKS = YES;
				GCC_WARN_64_TO_32_BIT_CONVERSION = YES;
				GCC_WARN_ABOUT_RETURN_TYPE = YES_ERROR;
				GCC_WARN_UNDECLARED_SELECTOR = YES;
				GCC_WARN_UNINITIALIZED_AUTOS = YES_AGGRESSIVE;
				GCC_WARN_UNUSED_FUNCTION = YES;
				GCC_WARN_UNUSED_VARIABLE = YES;
				IPHONEOS_DEPLOYMENT_TARGET = 17.0;
				LOCALIZATION_PREFERS_STRING_CATALOGS = YES;
				MTL_ENABLE_DEBUG_INFO = NO;
				MTL_FAST_MATH = YES;
				SDKROOT = iphoneos;
				SWIFT_COMPILATION_MODE = wholemodule;
				VALIDATE_PRODUCT = YES;
			};
			name = Release;
		};
		317668FB2AD69D0A0087FA1B /* Debug */ = {
			isa = XCBuildConfiguration;
			buildSettings = {
				ASSETCATALOG_COMPILER_APPICON_NAME = AppIcon;
				ASSETCATALOG_COMPILER_GLOBAL_ACCENT_COLOR_NAME = AccentColor;
				CODE_SIGN_STYLE = Automatic;
				CURRENT_PROJECT_VERSION = 1;
				DEVELOPMENT_TEAM = 6YBC9JWZ88;
				GENERATE_INFOPLIST_FILE = YES;
				INFOPLIST_FILE = Weather/Info.plist;
				INFOPLIST_KEY_UIApplicationSupportsIndirectInputEvents = YES;
				INFOPLIST_KEY_UILaunchStoryboardName = LaunchScreen;
				INFOPLIST_KEY_UIMainStoryboardFile = Main;
				INFOPLIST_KEY_UISupportedInterfaceOrientations_iPad = "UIInterfaceOrientationPortrait UIInterfaceOrientationPortraitUpsideDown UIInterfaceOrientationLandscapeLeft UIInterfaceOrientationLandscapeRight";
				INFOPLIST_KEY_UISupportedInterfaceOrientations_iPhone = "UIInterfaceOrientationPortrait UIInterfaceOrientationLandscapeLeft UIInterfaceOrientationLandscapeRight";
				LD_RUNPATH_SEARCH_PATHS = (
					"$(inherited)",
					"@executable_path/Frameworks",
				);
				MARKETING_VERSION = 1.0;
				PRODUCT_BUNDLE_IDENTIFIER = com.hym.www.Weather;
				PRODUCT_NAME = "$(TARGET_NAME)";
				SWIFT_EMIT_LOC_STRINGS = YES;
				SWIFT_VERSION = 5.0;
				TARGETED_DEVICE_FAMILY = "1,2";
			};
			name = Debug;
		};
		317668FC2AD69D0A0087FA1B /* Release */ = {
			isa = XCBuildConfiguration;
			buildSettings = {
				ASSETCATALOG_COMPILER_APPICON_NAME = AppIcon;
				ASSETCATALOG_COMPILER_GLOBAL_ACCENT_COLOR_NAME = AccentColor;
				CODE_SIGN_STYLE = Automatic;
				CURRENT_PROJECT_VERSION = 1;
				DEVELOPMENT_TEAM = 6YBC9JWZ88;
				GENERATE_INFOPLIST_FILE = YES;
				INFOPLIST_FILE = Weather/Info.plist;
				INFOPLIST_KEY_UIApplicationSupportsIndirectInputEvents = YES;
				INFOPLIST_KEY_UILaunchStoryboardName = LaunchScreen;
				INFOPLIST_KEY_UIMainStoryboardFile = Main;
				INFOPLIST_KEY_UISupportedInterfaceOrientations_iPad = "UIInterfaceOrientationPortrait UIInterfaceOrientationPortraitUpsideDown UIInterfaceOrientationLandscapeLeft UIInterfaceOrientationLandscapeRight";
				INFOPLIST_KEY_UISupportedInterfaceOrientations_iPhone = "UIInterfaceOrientationPortrait UIInterfaceOrientationLandscapeLeft UIInterfaceOrientationLandscapeRight";
				LD_RUNPATH_SEARCH_PATHS = (
					"$(inherited)",
					"@executable_path/Frameworks",
				);
				MARKETING_VERSION = 1.0;
				PRODUCT_BUNDLE_IDENTIFIER = com.hym.www.Weather;
				PRODUCT_NAME = "$(TARGET_NAME)";
				SWIFT_EMIT_LOC_STRINGS = YES;
				SWIFT_VERSION = 5.0;
				TARGETED_DEVICE_FAMILY = "1,2";
			};
			name = Release;
		};
		317668FE2AD69D0A0087FA1B /* Debug */ = {
			isa = XCBuildConfiguration;
			buildSettings = {
				ALWAYS_EMBED_SWIFT_STANDARD_LIBRARIES = YES;
				BUNDLE_LOADER = "$(TEST_HOST)";
				CODE_SIGN_STYLE = Automatic;
				CURRENT_PROJECT_VERSION = 1;
				DEVELOPMENT_TEAM = 6YBC9JWZ88;
				GENERATE_INFOPLIST_FILE = YES;
				IPHONEOS_DEPLOYMENT_TARGET = 17.0;
				MARKETING_VERSION = 1.0;
				PRODUCT_BUNDLE_IDENTIFIER = com.hym.www.WeatherTests;
				PRODUCT_NAME = "$(TARGET_NAME)";
				SWIFT_EMIT_LOC_STRINGS = NO;
				SWIFT_VERSION = 5.0;
				TARGETED_DEVICE_FAMILY = "1,2";
				TEST_HOST = "$(BUILT_PRODUCTS_DIR)/Weather.app/$(BUNDLE_EXECUTABLE_FOLDER_PATH)/Weather";
			};
			name = Debug;
		};
		317668FF2AD69D0A0087FA1B /* Release */ = {
			isa = XCBuildConfiguration;
			buildSettings = {
				ALWAYS_EMBED_SWIFT_STANDARD_LIBRARIES = YES;
				BUNDLE_LOADER = "$(TEST_HOST)";
				CODE_SIGN_STYLE = Automatic;
				CURRENT_PROJECT_VERSION = 1;
				DEVELOPMENT_TEAM = 6YBC9JWZ88;
				GENERATE_INFOPLIST_FILE = YES;
				IPHONEOS_DEPLOYMENT_TARGET = 17.0;
				MARKETING_VERSION = 1.0;
				PRODUCT_BUNDLE_IDENTIFIER = com.hym.www.WeatherTests;
				PRODUCT_NAME = "$(TARGET_NAME)";
				SWIFT_EMIT_LOC_STRINGS = NO;
				SWIFT_VERSION = 5.0;
				TARGETED_DEVICE_FAMILY = "1,2";
				TEST_HOST = "$(BUILT_PRODUCTS_DIR)/Weather.app/$(BUNDLE_EXECUTABLE_FOLDER_PATH)/Weather";
			};
			name = Release;
		};
		317669012AD69D0A0087FA1B /* Debug */ = {
			isa = XCBuildConfiguration;
			buildSettings = {
				ALWAYS_EMBED_SWIFT_STANDARD_LIBRARIES = YES;
				CODE_SIGN_STYLE = Automatic;
				CURRENT_PROJECT_VERSION = 1;
				DEVELOPMENT_TEAM = 6YBC9JWZ88;
				GENERATE_INFOPLIST_FILE = YES;
				MARKETING_VERSION = 1.0;
				PRODUCT_BUNDLE_IDENTIFIER = com.hym.www.WeatherUITests;
				PRODUCT_NAME = "$(TARGET_NAME)";
				SWIFT_EMIT_LOC_STRINGS = NO;
				SWIFT_VERSION = 5.0;
				TARGETED_DEVICE_FAMILY = "1,2";
				TEST_TARGET_NAME = Weather;
			};
			name = Debug;
		};
		317669022AD69D0A0087FA1B /* Release */ = {
			isa = XCBuildConfiguration;
			buildSettings = {
				ALWAYS_EMBED_SWIFT_STANDARD_LIBRARIES = YES;
				CODE_SIGN_STYLE = Automatic;
				CURRENT_PROJECT_VERSION = 1;
				DEVELOPMENT_TEAM = 6YBC9JWZ88;
				GENERATE_INFOPLIST_FILE = YES;
				MARKETING_VERSION = 1.0;
				PRODUCT_BUNDLE_IDENTIFIER = com.hym.www.WeatherUITests;
				PRODUCT_NAME = "$(TARGET_NAME)";
				SWIFT_EMIT_LOC_STRINGS = NO;
				SWIFT_VERSION = 5.0;
				TARGETED_DEVICE_FAMILY = "1,2";
				TEST_TARGET_NAME = Weather;
			};
			name = Release;
		};
/* End XCBuildConfiguration section */

/* Begin XCConfigurationList section */
		317668CB2AD69D080087FA1B /* Build configuration list for PBXProject "Weather" */ = {
			isa = XCConfigurationList;
			buildConfigurations = (
				317668F82AD69D0A0087FA1B /* Debug */,
				317668F92AD69D0A0087FA1B /* Release */,
			);
			defaultConfigurationIsVisible = 0;
			defaultConfigurationName = Release;
		};
		317668FA2AD69D0A0087FA1B /* Build configuration list for PBXNativeTarget "Weather" */ = {
			isa = XCConfigurationList;
			buildConfigurations = (
				317668FB2AD69D0A0087FA1B /* Debug */,
				317668FC2AD69D0A0087FA1B /* Release */,
			);
			defaultConfigurationIsVisible = 0;
			defaultConfigurationName = Release;
		};
		317668FD2AD69D0A0087FA1B /* Build configuration list for PBXNativeTarget "WeatherTests" */ = {
			isa = XCConfigurationList;
			buildConfigurations = (
				317668FE2AD69D0A0087FA1B /* Debug */,
				317668FF2AD69D0A0087FA1B /* Release */,
			);
			defaultConfigurationIsVisible = 0;
			defaultConfigurationName = Release;
		};
		317669002AD69D0A0087FA1B /* Build configuration list for PBXNativeTarget "WeatherUITests" */ = {
			isa = XCConfigurationList;
			buildConfigurations = (
				317669012AD69D0A0087FA1B /* Debug */,
				317669022AD69D0A0087FA1B /* Release */,
			);
			defaultConfigurationIsVisible = 0;
			defaultConfigurationName = Release;
		};
/* End XCConfigurationList section */
	};
	rootObject = 317668C82AD69D080087FA1B /* Project object */;
}
